// !$*UTF8*$!
{
	archiveVersion = 1;
	classes = {
	};
	objectVersion = 46;
	objects = {

/* Begin PBXBuildFile section */
		79424D481C51D56100502139 /* main.m in Sources */ = {isa = PBXBuildFile; fileRef = 79424D471C51D56100502139 /* main.m */; };
		79424D4B1C51D56100502139 /* AppDelegate.m in Sources */ = {isa = PBXBuildFile; fileRef = 79424D4A1C51D56100502139 /* AppDelegate.m */; };
		79424D4E1C51D56100502139 /* ViewController.m in Sources */ = {isa = PBXBuildFile; fileRef = 79424D4D1C51D56100502139 /* ViewController.m */; };
		79424D511C51D56100502139 /* Main.storyboard in Resources */ = {isa = PBXBuildFile; fileRef = 79424D4F1C51D56100502139 /* Main.storyboard */; };
		79424D531C51D56100502139 /* Assets.xcassets in Resources */ = {isa = PBXBuildFile; fileRef = 79424D521C51D56100502139 /* Assets.xcassets */; };
		79424D561C51D56100502139 /* LaunchScreen.storyboard in Resources */ = {isa = PBXBuildFile; fileRef = 79424D541C51D56100502139 /* LaunchScreen.storyboard */; };
		79424D711C51D59100502139 /* NSObject+WDCoding.m in Sources */ = {isa = PBXBuildFile; fileRef = 79424D5F1C51D59100502139 /* NSObject+WDCoding.m */; };
		79424D721C51D59100502139 /* NSObject+WDKeyValue.m in Sources */ = {isa = PBXBuildFile; fileRef = 79424D611C51D59100502139 /* NSObject+WDKeyValue.m */; };
		79424D731C51D59100502139 /* NSObject+WDMember.m in Sources */ = {isa = PBXBuildFile; fileRef = 79424D631C51D59100502139 /* NSObject+WDMember.m */; };
		79424D741C51D59100502139 /* WDArgument.m in Sources */ = {isa = PBXBuildFile; fileRef = 79424D651C51D59100502139 /* WDArgument.m */; };
		79424D751C51D59100502139 /* WDIvar.m in Sources */ = {isa = PBXBuildFile; fileRef = 79424D671C51D59100502139 /* WDIvar.m */; };
		79424D761C51D59100502139 /* WDMember.m in Sources */ = {isa = PBXBuildFile; fileRef = 79424D6A1C51D59100502139 /* WDMember.m */; };
		79424D771C51D59100502139 /* WDMethod.m in Sources */ = {isa = PBXBuildFile; fileRef = 79424D6C1C51D59100502139 /* WDMethod.m */; };
		79424D781C51D59100502139 /* WDType.m in Sources */ = {isa = PBXBuildFile; fileRef = 79424D6E1C51D59100502139 /* WDType.m */; };
		79424D791C51D59100502139 /* WDTypeEncoding.m in Sources */ = {isa = PBXBuildFile; fileRef = 79424D701C51D59100502139 /* WDTypeEncoding.m */; };
		79424D821C51D63F00502139 /* WDMan.m in Sources */ = {isa = PBXBuildFile; fileRef = 79424D811C51D63F00502139 /* WDMan.m */; };
		79424D851C51D64F00502139 /* WDDog.m in Sources */ = {isa = PBXBuildFile; fileRef = 79424D841C51D64F00502139 /* WDDog.m */; };
/* End PBXBuildFile section */

/* Begin PBXFileReference section */
		79424D431C51D56100502139 /* WDModelConverterTest.app */ = {isa = PBXFileReference; explicitFileType = wrapper.application; includeInIndex = 0; path = WDModelConverterTest.app; sourceTree = BUILT_PRODUCTS_DIR; };
		79424D471C51D56100502139 /* main.m */ = {isa = PBXFileReference; lastKnownFileType = sourcecode.c.objc; path = main.m; sourceTree = "<group>"; };
		79424D491C51D56100502139 /* AppDelegate.h */ = {isa = PBXFileReference; lastKnownFileType = sourcecode.c.h; path = AppDelegate.h; sourceTree = "<group>"; };
		79424D4A1C51D56100502139 /* AppDelegate.m */ = {isa = PBXFileReference; lastKnownFileType = sourcecode.c.objc; path = AppDelegate.m; sourceTree = "<group>"; };
		79424D4C1C51D56100502139 /* ViewController.h */ = {isa = PBXFileReference; lastKnownFileType = sourcecode.c.h; path = ViewController.h; sourceTree = "<group>"; };
		79424D4D1C51D56100502139 /* ViewController.m */ = {isa = PBXFileReference; lastKnownFileType = sourcecode.c.objc; path = ViewController.m; sourceTree = "<group>"; };
		79424D501C51D56100502139 /* Base */ = {isa = PBXFileReference; lastKnownFileType = file.storyboard; name = Base; path = Base.lproj/Main.storyboard; sourceTree = "<group>"; };
		79424D521C51D56100502139 /* Assets.xcassets */ = {isa = PBXFileReference; lastKnownFileType = folder.assetcatalog; path = Assets.xcassets; sourceTree = "<group>"; };
		79424D551C51D56100502139 /* Base */ = {isa = PBXFileReference; lastKnownFileType = file.storyboard; name = Base; path = Base.lproj/LaunchScreen.storyboard; sourceTree = "<group>"; };
		79424D571C51D56100502139 /* Info.plist */ = {isa = PBXFileReference; lastKnownFileType = text.plist.xml; path = Info.plist; sourceTree = "<group>"; };
		79424D5E1C51D59100502139 /* NSObject+WDCoding.h */ = {isa = PBXFileReference; fileEncoding = 4; lastKnownFileType = sourcecode.c.h; path = "NSObject+WDCoding.h"; sourceTree = "<group>"; };
		79424D5F1C51D59100502139 /* NSObject+WDCoding.m */ = {isa = PBXFileReference; fileEncoding = 4; lastKnownFileType = sourcecode.c.objc; path = "NSObject+WDCoding.m"; sourceTree = "<group>"; };
		79424D601C51D59100502139 /* NSObject+WDKeyValue.h */ = {isa = PBXFileReference; fileEncoding = 4; lastKnownFileType = sourcecode.c.h; path = "NSObject+WDKeyValue.h"; sourceTree = "<group>"; };
		79424D611C51D59100502139 /* NSObject+WDKeyValue.m */ = {isa = PBXFileReference; fileEncoding = 4; lastKnownFileType = sourcecode.c.objc; path = "NSObject+WDKeyValue.m"; sourceTree = "<group>"; };
		79424D621C51D59100502139 /* NSObject+WDMember.h */ = {isa = PBXFileReference; fileEncoding = 4; lastKnownFileType = sourcecode.c.h; path = "NSObject+WDMember.h"; sourceTree = "<group>"; };
		79424D631C51D59100502139 /* NSObject+WDMember.m */ = {isa = PBXFileReference; fileEncoding = 4; lastKnownFileType = sourcecode.c.objc; path = "NSObject+WDMember.m"; sourceTree = "<group>"; };
		79424D641C51D59100502139 /* WDArgument.h */ = {isa = PBXFileReference; fileEncoding = 4; lastKnownFileType = sourcecode.c.h; path = WDArgument.h; sourceTree = "<group>"; };
		79424D651C51D59100502139 /* WDArgument.m */ = {isa = PBXFileReference; fileEncoding = 4; lastKnownFileType = sourcecode.c.objc; path = WDArgument.m; sourceTree = "<group>"; };
		79424D661C51D59100502139 /* WDIvar.h */ = {isa = PBXFileReference; fileEncoding = 4; lastKnownFileType = sourcecode.c.h; path = WDIvar.h; sourceTree = "<group>"; };
		79424D671C51D59100502139 /* WDIvar.m */ = {isa = PBXFileReference; fileEncoding = 4; lastKnownFileType = sourcecode.c.objc; path = WDIvar.m; sourceTree = "<group>"; };
		79424D681C51D59100502139 /* WDJsonConverter.h */ = {isa = PBXFileReference; fileEncoding = 4; lastKnownFileType = sourcecode.c.h; path = WDJsonConverter.h; sourceTree = "<group>"; };
		79424D691C51D59100502139 /* WDMember.h */ = {isa = PBXFileReference; fileEncoding = 4; lastKnownFileType = sourcecode.c.h; path = WDMember.h; sourceTree = "<group>"; };
		79424D6A1C51D59100502139 /* WDMember.m */ = {isa = PBXFileReference; fileEncoding = 4; lastKnownFileType = sourcecode.c.objc; path = WDMember.m; sourceTree = "<group>"; };
		79424D6B1C51D59100502139 /* WDMethod.h */ = {isa = PBXFileReference; fileEncoding = 4; lastKnownFileType = sourcecode.c.h; path = WDMethod.h; sourceTree = "<group>"; };
		79424D6C1C51D59100502139 /* WDMethod.m */ = {isa = PBXFileReference; fileEncoding = 4; lastKnownFileType = sourcecode.c.objc; path = WDMethod.m; sourceTree = "<group>"; };
		79424D6D1C51D59100502139 /* WDType.h */ = {isa = PBXFileReference; fileEncoding = 4; lastKnownFileType = sourcecode.c.h; path = WDType.h; sourceTree = "<group>"; };
		79424D6E1C51D59100502139 /* WDType.m */ = {isa = PBXFileReference; fileEncoding = 4; lastKnownFileType = sourcecode.c.objc; path = WDType.m; sourceTree = "<group>"; };
		79424D6F1C51D59100502139 /* WDTypeEncoding.h */ = {isa = PBXFileReference; fileEncoding = 4; lastKnownFileType = sourcecode.c.h; path = WDTypeEncoding.h; sourceTree = "<group>"; };
		79424D701C51D59100502139 /* WDTypeEncoding.m */ = {isa = PBXFileReference; fileEncoding = 4; lastKnownFileType = sourcecode.c.objc; path = WDTypeEncoding.m; sourceTree = "<group>"; };
		79424D801C51D63F00502139 /* WDMan.h */ = {isa = PBXFileReference; fileEncoding = 4; lastKnownFileType = sourcecode.c.h; path = WDMan.h; sourceTree = "<group>"; };
		79424D811C51D63F00502139 /* WDMan.m */ = {isa = PBXFileReference; fileEncoding = 4; lastKnownFileType = sourcecode.c.objc; path = WDMan.m; sourceTree = "<group>"; };
		79424D831C51D64F00502139 /* WDDog.h */ = {isa = PBXFileReference; fileEncoding = 4; lastKnownFileType = sourcecode.c.h; path = WDDog.h; sourceTree = "<group>"; };
		79424D841C51D64F00502139 /* WDDog.m */ = {isa = PBXFileReference; fileEncoding = 4; lastKnownFileType = sourcecode.c.objc; path = WDDog.m; sourceTree = "<group>"; };
/* End PBXFileReference section */

/* Begin PBXFrameworksBuildPhase section */
		79424D401C51D56100502139 /* Frameworks */ = {
			isa = PBXFrameworksBuildPhase;
			buildActionMask = 2147483647;
			files = (
			);
			runOnlyForDeploymentPostprocessing = 0;
		};
/* End PBXFrameworksBuildPhase section */

/* Begin PBXGroup section */
		79424D3A1C51D56100502139 = {
			isa = PBXGroup;
			children = (
				79424D451C51D56100502139 /* WDModelConverterTest */,
				79424D441C51D56100502139 /* Products */,
			);
			sourceTree = "<group>";
		};
		79424D441C51D56100502139 /* Products */ = {
			isa = PBXGroup;
			children = (
				79424D431C51D56100502139 /* WDModelConverterTest.app */,
			);
			name = Products;
			sourceTree = "<group>";
		};
		79424D451C51D56100502139 /* WDModelConverterTest */ = {
			isa = PBXGroup;
			children = (
				79424D7A1C51D5AB00502139 /* Classes */,
				79424D461C51D56100502139 /* Supporting Files */,
			);
			path = WDModelConverterTest;
			sourceTree = "<group>";
		};
		79424D461C51D56100502139 /* Supporting Files */ = {
			isa = PBXGroup;
			children = (
				79424D521C51D56100502139 /* Assets.xcassets */,
				79424D571C51D56100502139 /* Info.plist */,
				79424D4F1C51D56100502139 /* Main.storyboard */,
				79424D541C51D56100502139 /* LaunchScreen.storyboard */,
				79424D471C51D56100502139 /* main.m */,
			);
			name = "Supporting Files";
			sourceTree = "<group>";
		};
		79424D5D1C51D59100502139 /* WDJsonConverter */ = {
			isa = PBXGroup;
			children = (
				79424D5E1C51D59100502139 /* NSObject+WDCoding.h */,
				79424D5F1C51D59100502139 /* NSObject+WDCoding.m */,
				79424D601C51D59100502139 /* NSObject+WDKeyValue.h */,
				79424D611C51D59100502139 /* NSObject+WDKeyValue.m */,
				79424D621C51D59100502139 /* NSObject+WDMember.h */,
				79424D631C51D59100502139 /* NSObject+WDMember.m */,
				79424D641C51D59100502139 /* WDArgument.h */,
				79424D651C51D59100502139 /* WDArgument.m */,
				79424D661C51D59100502139 /* WDIvar.h */,
				79424D671C51D59100502139 /* WDIvar.m */,
				79424D681C51D59100502139 /* WDJsonConverter.h */,
				79424D691C51D59100502139 /* WDMember.h */,
				79424D6A1C51D59100502139 /* WDMember.m */,
				79424D6B1C51D59100502139 /* WDMethod.h */,
				79424D6C1C51D59100502139 /* WDMethod.m */,
				79424D6D1C51D59100502139 /* WDType.h */,
				79424D6E1C51D59100502139 /* WDType.m */,
				79424D6F1C51D59100502139 /* WDTypeEncoding.h */,
				79424D701C51D59100502139 /* WDTypeEncoding.m */,
			);
			path = WDJsonConverter;
			sourceTree = "<group>";
		};
		79424D7A1C51D5AB00502139 /* Classes */ = {
			isa = PBXGroup;
			children = (
				79424D7C1C51D5C600502139 /* Other */,
				79424D7B1C51D5C000502139 /* Main */,
			);
			name = Classes;
			sourceTree = "<group>";
		};
		79424D7B1C51D5C000502139 /* Main */ = {
			isa = PBXGroup;
			children = (
				79424D7F1C51D5E600502139 /* Controller */,
				79424D7E1C51D5DE00502139 /* Model */,
			);
			name = Main;
			sourceTree = "<group>";
		};
		79424D7C1C51D5C600502139 /* Other */ = {
			isa = PBXGroup;
			children = (
				79424D7D1C51D5CF00502139 /* Lib */,
			);
			name = Other;
			sourceTree = "<group>";
		};
		79424D7D1C51D5CF00502139 /* Lib */ = {
			isa = PBXGroup;
			children = (
				79424D491C51D56100502139 /* AppDelegate.h */,
				79424D4A1C51D56100502139 /* AppDelegate.m */,
				79424D5D1C51D59100502139 /* WDJsonConverter */,
			);
			name = Lib;
			sourceTree = "<group>";
		};
		79424D7E1C51D5DE00502139 /* Model */ = {
			isa = PBXGroup;
			children = (
				79424D801C51D63F00502139 /* WDMan.h */,
				79424D811C51D63F00502139 /* WDMan.m */,
				79424D831C51D64F00502139 /* WDDog.h */,
				79424D841C51D64F00502139 /* WDDog.m */,
			);
			name = Model;
			sourceTree = "<group>";
		};
		79424D7F1C51D5E600502139 /* Controller */ = {
			isa = PBXGroup;
			children = (
				79424D4C1C51D56100502139 /* ViewController.h */,
				79424D4D1C51D56100502139 /* ViewController.m */,
			);
			name = Controller;
			sourceTree = "<group>";
		};
/* End PBXGroup section */

/* Begin PBXNativeTarget section */
		79424D421C51D56100502139 /* WDModelConverterTest */ = {
			isa = PBXNativeTarget;
			buildConfigurationList = 79424D5A1C51D56100502139 /* Build configuration list for PBXNativeTarget "WDModelConverterTest" */;
			buildPhases = (
				79424D3F1C51D56100502139 /* Sources */,
				79424D401C51D56100502139 /* Frameworks */,
				79424D411C51D56100502139 /* Resources */,
			);
			buildRules = (
			);
			dependencies = (
			);
			name = WDModelConverterTest;
			productName = WDModelConverterTest;
			productReference = 79424D431C51D56100502139 /* WDModelConverterTest.app */;
			productType = "com.apple.product-type.application";
		};
/* End PBXNativeTarget section */

/* Begin PBXProject section */
		79424D3B1C51D56100502139 /* Project object */ = {
			isa = PBXProject;
			attributes = {
				CLASSPREFIX = WD;
				LastUpgradeCheck = 0710;
				ORGANIZATIONNAME = "richard wang";
				TargetAttributes = {
					79424D421C51D56100502139 = {
						CreatedOnToolsVersion = 7.1.1;
					};
				};
			};
			buildConfigurationList = 79424D3E1C51D56100502139 /* Build configuration list for PBXProject "WDModelConverterTest" */;
			compatibilityVersion = "Xcode 3.2";
			developmentRegion = English;
			hasScannedForEncodings = 0;
			knownRegions = (
				en,
				Base,
			);
			mainGroup = 79424D3A1C51D56100502139;
			productRefGroup = 79424D441C51D56100502139 /* Products */;
			projectDirPath = "";
			projectRoot = "";
			targets = (
				79424D421C51D56100502139 /* WDModelConverterTest */,
			);
		};
/* End PBXProject section */

/* Begin PBXResourcesBuildPhase section */
		79424D411C51D56100502139 /* Resources */ = {
			isa = PBXResourcesBuildPhase;
			buildActionMask = 2147483647;
			files = (
				79424D561C51D56100502139 /* LaunchScreen.storyboard in Resources */,
				79424D531C51D56100502139 /* Assets.xcassets in Resources */,
				79424D511C51D56100502139 /* Main.storyboard in Resources */,
			);
			runOnlyForDeploymentPostprocessing = 0;
		};
/* End PBXResourcesBuildPhase section */

/* Begin PBXSourcesBuildPhase section */
		79424D3F1C51D56100502139 /* Sources */ = {
			isa = PBXSourcesBuildPhase;
			buildActionMask = 2147483647;
			files = (
				79424D751C51D59100502139 /* WDIvar.m in Sources */,
				79424D731C51D59100502139 /* NSObject+WDMember.m in Sources */,
				79424D711C51D59100502139 /* NSObject+WDCoding.m in Sources */,
				79424D791C51D59100502139 /* WDTypeEncoding.m in Sources */,
				79424D771C51D59100502139 /* WDMethod.m in Sources */,
				79424D4E1C51D56100502139 /* ViewController.m in Sources */,
				79424D721C51D59100502139 /* NSObject+WDKeyValue.m in Sources */,
				79424D741C51D59100502139 /* WDArgument.m in Sources */,
				79424D781C51D59100502139 /* WDType.m in Sources */,
				79424D851C51D64F00502139 /* WDDog.m in Sources */,
				79424D4B1C51D56100502139 /* AppDelegate.m in Sources */,
				79424D761C51D59100502139 /* WDMember.m in Sources */,
				79424D481C51D56100502139 /* main.m in Sources */,
				79424D821C51D63F00502139 /* WDMan.m in Sources */,
			);
			runOnlyForDeploymentPostprocessing = 0;
		};
/* End PBXSourcesBuildPhase section */

/* Begin PBXVariantGroup section */
		79424D4F1C51D56100502139 /* Main.storyboard */ = {
			isa = PBXVariantGroup;
			children = (
				79424D501C51D56100502139 /* Base */,
			);
			name = Main.storyboard;
			sourceTree = "<group>";
		};
		79424D541C51D56100502139 /* LaunchScreen.storyboard */ = {
			isa = PBXVariantGroup;
			children = (
				79424D551C51D56100502139 /* Base */,
			);
			name = LaunchScreen.storyboard;
			sourceTree = "<group>";
		};
/* End PBXVariantGroup section */

/* Begin XCBuildConfiguration section */
		79424D581C51D56100502139 /* Debug */ = {
			isa = XCBuildConfiguration;
			buildSettings = {
				ALWAYS_SEARCH_USER_PATHS = NO;
				CLANG_CXX_LANGUAGE_STANDARD = "gnu++0x";
				CLANG_CXX_LIBRARY = "libc++";
				CLANG_ENABLE_MODULES = YES;
				CLANG_ENABLE_OBJC_ARC = YES;
				CLANG_WARN_BOOL_CONVERSION = YES;
				CLANG_WARN_CONSTANT_CONVERSION = YES;
				CLANG_WARN_DIRECT_OBJC_ISA_USAGE = YES_ERROR;
				CLANG_WARN_EMPTY_BODY = YES;
				CLANG_WARN_ENUM_CONVERSION = YES;
				CLANG_WARN_INT_CONVERSION = YES;
				CLANG_WARN_OBJC_ROOT_CLASS = YES_ERROR;
				CLANG_WARN_UNREACHABLE_CODE = YES;
				CLANG_WARN__DUPLICATE_METHOD_MATCH = YES;
				"CODE_SIGN_IDENTITY[sdk=iphoneos*]" = "iPhone Developer";
				COPY_PHASE_STRIP = NO;
				DEBUG_INFORMATION_FORMAT = dwarf;
				ENABLE_STRICT_OBJC_MSGSEND = YES;
				ENABLE_TESTABILITY = YES;
				GCC_C_LANGUAGE_STANDARD = gnu99;
				GCC_DYNAMIC_NO_PIC = NO;
				GCC_NO_COMMON_BLOCKS = YES;
				GCC_OPTIMIZATION_LEVEL = 0;
				GCC_PREPROCESSOR_DEFINITIONS = (
					"DEBUG=1",
					"$(inherited)",
				);
				GCC_WARN_64_TO_32_BIT_CONVERSION = YES;
				GCC_WARN_ABOUT_RETURN_TYPE = YES_ERROR;
				GCC_WARN_UNDECLARED_SELECTOR = YES;
				GCC_WARN_UNINITIALIZED_AUTOS = YES_AGGRESSIVE;
				GCC_WARN_UNUSED_FUNCTION = YES;
				GCC_WARN_UNUSED_VARIABLE = YES;
				IPHONEOS_DEPLOYMENT_TARGET = 9.1;
				MTL_ENABLE_DEBUG_INFO = YES;
				ONLY_ACTIVE_ARCH = YES;
				SDKROOT = iphoneos;
			};
			name = Debug;
		};
		79424D591C51D56100502139 /* Release */ = {
			isa = XCBuildConfiguration;
			buildSettings = {
				ALWAYS_SEARCH_USER_PATHS = NO;
				CLANG_CXX_LANGUAGE_STANDARD = "gnu++0x";
				CLANG_CXX_LIBRARY = "libc++";
				CLANG_ENABLE_MODULES = YES;
				CLANG_ENABLE_OBJC_ARC = YES;
				CLANG_WARN_BOOL_CONVERSION = YES;
				CLANG_WARN_CONSTANT_CONVERSION = YES;
				CLANG_WARN_DIRECT_OBJC_ISA_USAGE = YES_ERROR;
				CLANG_WARN_EMPTY_BODY = YES;
				CLANG_WARN_ENUM_CONVERSION = YES;
				CLANG_WARN_INT_CONVERSION = YES;
				CLANG_WARN_OBJC_ROOT_CLASS = YES_ERROR;
				CLANG_WARN_UNREACHABLE_CODE = YES;
				CLANG_WARN__DUPLICATE_METHOD_MATCH = YES;
				"CODE_SIGN_IDENTITY[sdk=iphoneos*]" = "iPhone Developer";
				COPY_PHASE_STRIP = NO;
				DEBUG_INFORMATION_FORMAT = "dwarf-with-dsym";
				ENABLE_NS_ASSERTIONS = NO;
				ENABLE_STRICT_OBJC_MSGSEND = YES;
				GCC_C_LANGUAGE_STANDARD = gnu99;
				GCC_NO_COMMON_BLOCKS = YES;
				GCC_WARN_64_TO_32_BIT_CONVERSION = YES;
				GCC_WARN_ABOUT_RETURN_TYPE = YES_ERROR;
				GCC_WARN_UNDECLARED_SELECTOR = YES;
				GCC_WARN_UNINITIALIZED_AUTOS = YES_AGGRESSIVE;
				GCC_WARN_UNUSED_FUNCTION = YES;
				GCC_WARN_UNUSED_VARIABLE = YES;
				IPHONEOS_DEPLOYMENT_TARGET = 9.1;
				MTL_ENABLE_DEBUG_INFO = NO;
				SDKROOT = iphoneos;
				VALIDATE_PRODUCT = YES;
			};
			name = Release;
		};
		79424D5B1C51D56100502139 /* Debug */ = {
			isa = XCBuildConfiguration;
			buildSettings = {
				ASSETCATALOG_COMPILER_APPICON_NAME = AppIcon;
				INFOPLIST_FILE = WDModelConverterTest/Info.plist;
				LD_RUNPATH_SEARCH_PATHS = "$(inherited) @executable_path/Frameworks";
				PRODUCT_BUNDLE_IDENTIFIER = org.wdd.lib.modelconverter.WDModelConverterTest;
				PRODUCT_NAME = "$(TARGET_NAME)";
			};
			name = Debug;
		};
		79424D5C1C51D56100502139 /* Release */ = {
			isa = XCBuildConfiguration;
			buildSettings = {
				ASSETCATALOG_COMPILER_APPICON_NAME = AppIcon;
				INFOPLIST_FILE = WDModelConverterTest/Info.plist;
				LD_RUNPATH_SEARCH_PATHS = "$(inherited) @executable_path/Frameworks";
				PRODUCT_BUNDLE_IDENTIFIER = org.wdd.lib.modelconverter.WDModelConverterTest;
				PRODUCT_NAME = "$(TARGET_NAME)";
			};
			name = Release;
		};
/* End XCBuildConfiguration section */

/* Begin XCConfigurationList section */
		79424D3E1C51D56100502139 /* Build configuration list for PBXProject "WDModelConverterTest" */ = {
			isa = XCConfigurationList;
			buildConfigurations = (
				79424D581C51D56100502139 /* Debug */,
				79424D591C51D56100502139 /* Release */,
			);
			defaultConfigurationIsVisible = 0;
			defaultConfigurationName = Release;
		};
		79424D5A1C51D56100502139 /* Build configuration list for PBXNativeTarget "WDModelConverterTest" */ = {
			isa = XCConfigurationList;
			buildConfigurations = (
				79424D5B1C51D56100502139 /* Debug */,
				79424D5C1C51D56100502139 /* Release */,
			);
			defaultConfigurationIsVisible = 0;
		};
/* End XCConfigurationList section */
	};
	rootObject = 79424D3B1C51D56100502139 /* Project object */;
}
